
Microsoft Visual Studio Solution File, Format Version 12.00
# Visual Studio Version 17
VisualStudioVersion = 17.0.31903.59
MinimumVisualStudioVersion = 10.0.40219.1
Project("{FAE04EC0-301F-11D3-BF4B-00C04F79EFBC}") = "http", "http\http.csproj", "{5D4AB3C8-BFCD-4288-A32D-BDAE88F268BD}"
EndProject
Project("{FAE04EC0-301F-11D3-BF4B-00C04F79EFBC}") = "tests", "tests\tests.csproj", "{1E2A98C6-63F6-44DA-A95B-2A379129B106}"
EndProject
Global
	GlobalSection(SolutionConfigurationPlatforms) = preSolution
		Debug|Any CPU = Debug|Any CPU
		Release|Any CPU = Release|Any CPU
	EndGlobalSection
	GlobalSection(SolutionProperties) = preSolution
		HideSolutionNode = FALSE
	EndGlobalSection
	GlobalSection(ProjectConfigurationPlatforms) = postSolution
		{5D4AB3C8-BFCD-4288-A32D-BDAE88F268BD}.Debug|Any CPU.ActiveCfg = Debug|Any CPU
		{5D4AB3C8-BFCD-4288-A32D-BDAE88F268BD}.Debug|Any CPU.Build.0 = Debug|Any CPU
		{5D4AB3C8-BFCD-4288-A32D-BDAE88F268BD}.Release|Any CPU.ActiveCfg = Release|Any CPU
		{5D4AB3C8-BFCD-4288-A32D-BDAE88F268BD}.Release|Any CPU.Build.0 = Release|Any CPU
		{1E2A98C6-63F6-44DA-A95B-2A379129B106}.Debug|Any CPU.ActiveCfg = Debug|Any CPU
		{1E2A98C6-63F6-44DA-A95B-2A379129B106}.Debug|Any CPU.Build.0 = Debug|Any CPU
		{1E2A98C6-63F6-44DA-A95B-2A379129B106}.Release|Any CPU.ActiveCfg = Release|Any CPU
		{1E2A98C6-63F6-44DA-A95B-2A379129B106}.Release|Any CPU.Build.0 = Release|Any CPU
	EndGlobalSection
EndGlobal
