Microsoft Visual Studio Solution File, Format Version 12.00
# Visual Studio Version 17
VisualStudioVersion = 17.5.2.0
MinimumVisualStudioVersion = 10.0.40219.1
Project("{FAE04EC0-301F-11D3-BF4B-00C04F79EFBC}") = "dotnet-http", "dotnet-http.csproj", "{3C4BE2FF-E0D6-6EC3-7B75-30A3B0C15FED}"
EndProject
Global
	GlobalSection(SolutionConfigurationPlatforms) = preSolution
		Debug|Any CPU = Debug|Any CPU
		Release|Any CPU = Release|Any CPU
	EndGlobalSection
	GlobalSection(ProjectConfigurationPlatforms) = postSolution
		{3C4BE2FF-E0D6-6EC3-7B75-30A3B0C15FED}.Debug|Any CPU.ActiveCfg = Debug|Any CPU
		{3C4BE2FF-E0D6-6EC3-7B75-30A3B0C15FED}.Debug|Any CPU.Build.0 = Debug|Any CPU
		{3C4BE2FF-E0D6-6EC3-7B75-30A3B0C15FED}.Release|Any CPU.ActiveCfg = Release|Any CPU
		{3C4BE2FF-E0D6-6EC3-7B75-30A3B0C15FED}.Release|Any CPU.Build.0 = Release|Any CPU
	EndGlobalSection
	GlobalSection(SolutionProperties) = preSolution
		HideSolutionNode = FALSE
	EndGlobalSection
	GlobalSection(ExtensibilityGlobals) = postSolution
		SolutionGuid = {6C02381A-2403-458F-AC72-0DC22DBFD770}
	EndGlobalSection
EndGlobal
